# This file was autogenerated by Stack.
# You should not edit this file by hand.
# For more information, please see the documentation at:
#   https://docs.haskellstack.org/en/stable/lock_files

packages:
- completed:
    hackage: data-msgpack-0.0.13@sha256:464c07ca8b7377d437ea929bd448d8014fe6311a750de66f29bb70884cfcefc9,2371
    pantry-tree:
      size: 751
      sha256: d2e01bcb4fd4b8b72cb697a0a2e682854ce08fdec4094339e22ff5260f5788fa
  original:
    hackage: data-msgpack-0.0.13@sha256:464c07ca8b7377d437ea929bd448d8014fe6311a750de66f29bb70884cfcefc9,2371
- completed:
    hackage: data-msgpack-types-0.0.3@sha256:03cf8fb27ab781aaf3f8c1a922d26fd237712b814ce6a2a5de7576f58b1d2bcb,1885
    pantry-tree:
      size: 981
      sha256: 6bff08db35b370b307fc01510eaa6c2786af4f3368b51ca07b70e2f919322131
  original:
    hackage: data-msgpack-types-0.0.3@sha256:03cf8fb27ab781aaf3f8c1a922d26fd237712b814ce6a2a5de7576f58b1d2bcb,1885
snapshots:
- completed:
    size: 489011
    url: https://raw.githubusercontent.com/commercialhaskell/stackage-snapshots/master/lts/15/1.yaml
    sha256: d4ecc42b7125d68e4c3c036a08046ad0cd02ae0d9efbe3af2223a00ff8cc16f3
  original: lts-15.1
